
Microsoft Visual Studio Solution File, Format Version 12.00
# Visual Studio Version 16
VisualStudioVersion = 16.0.31205.134
MinimumVisualStudioVersion = 10.0.40219.1
Project("{FAE04EC0-301F-11D3-BF4B-00C04F79EFBC}") = "UserManagement", "UserManagement\UserManagement.csproj", "{72DE9310-71DB-4337-A119-3AB127A0A658}"
EndProject
Global
	GlobalSection(SolutionConfigurationPlatforms) = preSolution
		Debug|Any CPU = Debug|Any CPU
		Release|Any CPU = Release|Any CPU
	EndGlobalSection
	GlobalSection(ProjectConfigurationPlatforms) = postSolution
		{72DE9310-71DB-4337-A119-3AB127A0A658}.Debug|Any CPU.ActiveCfg = Debug|Any CPU
		{72DE9310-71DB-4337-A119-3AB127A0A658}.Debug|Any CPU.Build.0 = Debug|Any CPU
		{72DE9310-71DB-4337-A119-3AB127A0A658}.Release|Any CPU.ActiveCfg = Release|Any CPU
		{72DE9310-71DB-4337-A119-3AB127A0A658}.Release|Any CPU.Build.0 = Release|Any CPU
	EndGlobalSection
	GlobalSection(SolutionProperties) = preSolution
		HideSolutionNode = FALSE
	EndGlobalSection
	GlobalSection(ExtensibilityGlobals) = postSolution
		SolutionGuid = {B9F232F6-01AF-43B0-9F0E-7E8B792000E7}
	EndGlobalSection
EndGlobal
