
Microsoft Visual Studio Solution File, Format Version 12.00
# Visual Studio Version 16
VisualStudioVersion = 16.0.31205.134
MinimumVisualStudioVersion = 10.0.40219.1
Project("{FAE04EC0-301F-11D3-BF4B-00C04F79EFBC}") = "SimpleApp", "SimpleApp\SimpleApp.csproj", "{DA55F071-791F-42CC-AAAC-55F4F6009586}"
EndProject
Global
	GlobalSection(SolutionConfigurationPlatforms) = preSolution
		Debug|Any CPU = Debug|Any CPU
		Release|Any CPU = Release|Any CPU
	EndGlobalSection
	GlobalSection(ProjectConfigurationPlatforms) = postSolution
		{DA55F071-791F-42CC-AAAC-55F4F6009586}.Debug|Any CPU.ActiveCfg = Debug|Any CPU
		{DA55F071-791F-42CC-AAAC-55F4F6009586}.Debug|Any CPU.Build.0 = Debug|Any CPU
		{DA55F071-791F-42CC-AAAC-55F4F6009586}.Release|Any CPU.ActiveCfg = Release|Any CPU
		{DA55F071-791F-42CC-AAAC-55F4F6009586}.Release|Any CPU.Build.0 = Release|Any CPU
	EndGlobalSection
	GlobalSection(SolutionProperties) = preSolution
		HideSolutionNode = FALSE
	EndGlobalSection
	GlobalSection(ExtensibilityGlobals) = postSolution
		SolutionGuid = {4060943B-D809-4D60-8E86-28F3DD89E802}
	EndGlobalSection
EndGlobal
